// !$*UTF8*$!
{
	archiveVersion = 1;
	classes = {
	};
	objectVersion = 46;
	objects = {

/* Begin PBXFileReference section */
		2E28FD221B5D77D60061AE27 /* entry.plist */ = {isa = PBXFileReference; lastKnownFileType = text.plist; path = entry.plist; sourceTree = "<group>"; };
		2E28FD231B5D77D60061AE27 /* Makefile */ = {isa = PBXFileReference; lastKnownFileType = sourcecode.make; path = Makefile; sourceTree = "<group>"; };
		2E28FD271B5D77D60061AE27 /* libSluthware.h */ = {isa = PBXFileReference; lastKnownFileType = sourcecode.c.h; path = libSluthware.h; sourceTree = "<group>"; };
		2E28FD281B5D77D60061AE27 /* NSTimer+SW.h */ = {isa = PBXFileReference; lastKnownFileType = sourcecode.c.h; path = "NSTimer+SW.h"; sourceTree = "<group>"; };
		2E28FD291B5D77D60061AE27 /* SWMCircle.h */ = {isa = PBXFileReference; lastKnownFileType = sourcecode.c.h; path = SWMCircle.h; sourceTree = "<group>"; };
		2E28FD2A1B5D77D60061AE27 /* SWMLine.h */ = {isa = PBXFileReference; lastKnownFileType = sourcecode.c.h; path = SWMLine.h; sourceTree = "<group>"; };
		2E28FD2B1B5D77D60061AE27 /* SWMQuadratic.h */ = {isa = PBXFileReference; lastKnownFileType = sourcecode.c.h; path = SWMQuadratic.h; sourceTree = "<group>"; };
		2E28FD2C1B5D77D60061AE27 /* TBAlertAction.h */ = {isa = PBXFileReference; lastKnownFileType = sourcecode.c.h; path = TBAlertAction.h; sourceTree = "<group>"; };
		2E28FD2D1B5D77D60061AE27 /* TBAlertController.h */ = {isa = PBXFileReference; lastKnownFileType = sourcecode.c.h; path = TBAlertController.h; sourceTree = "<group>"; };
		2E28FD2E1B5D77D60061AE27 /* UIColor+SW.h */ = {isa = PBXFileReference; lastKnownFileType = sourcecode.c.h; path = "UIColor+SW.h"; sourceTree = "<group>"; };
		2E28FD2F1B5D77D60061AE27 /* UIScrollView+SW.h */ = {isa = PBXFileReference; lastKnownFileType = sourcecode.c.h; path = "UIScrollView+SW.h"; sourceTree = "<group>"; };
		2E28FD301B5D77D60061AE27 /* UISnapBehaviorHorizontal.h */ = {isa = PBXFileReference; lastKnownFileType = sourcecode.c.h; path = UISnapBehaviorHorizontal.h; sourceTree = "<group>"; };
		2E28FD311B5D77D60061AE27 /* libsw.h */ = {isa = PBXFileReference; lastKnownFileType = sourcecode.c.h; path = libsw.h; sourceTree = "<group>"; };
		2E28FD321B5D77D60061AE27 /* SWAppLauncher.h */ = {isa = PBXFileReference; lastKnownFileType = sourcecode.c.h; path = SWAppLauncher.h; sourceTree = "<group>"; };
		2E28FD331B5D77D60061AE27 /* SWPSListController.h */ = {isa = PBXFileReference; lastKnownFileType = sourcecode.c.h; path = SWPSListController.h; sourceTree = "<group>"; };
		2E28FD341B5D77D60061AE27 /* SWPSListControllerHeaderView.h */ = {isa = PBXFileReference; lastKnownFileType = sourcecode.c.h; path = SWPSListControllerHeaderView.h; sourceTree = "<group>"; };
		2E28FD351B5D77D60061AE27 /* SWPSTwitterCell.h */ = {isa = PBXFileReference; lastKnownFileType = sourcecode.c.h; path = SWPSTwitterCell.h; sourceTree = "<group>"; };
		2E28FD361B5D77D60061AE27 /* SWSuperiorWindow.h */ = {isa = PBXFileReference; lastKnownFileType = sourcecode.c.h; path = SWSuperiorWindow.h; sourceTree = "<group>"; };
		2E28FD371B5D77D60061AE27 /* SWISeeStarsPrefsListController.h */ = {isa = PBXFileReference; lastKnownFileType = sourcecode.c.h; path = SWISeeStarsPrefsListController.h; sourceTree = "<group>"; };
		2E28FD391B5D77D60061AE27 /* Designer_Twitter_Profile.png */ = {isa = PBXFileReference; lastKnownFileType = image.png; path = Designer_Twitter_Profile.png; sourceTree = "<group>"; };
		2E28FD3A1B5D77D60061AE27 /* Developer_Twitter_Profile.jpeg */ = {isa = PBXFileReference; lastKnownFileType = image.jpeg; path = Developer_Twitter_Profile.jpeg; sourceTree = "<group>"; };
		2E28FD3B1B5D77D60061AE27 /* Icon.png */ = {isa = PBXFileReference; lastKnownFileType = image.png; path = Icon.png; sourceTree = "<group>"; };
		2E28FD3C1B5D77D60061AE27 /* Icon@2x.png */ = {isa = PBXFileReference; lastKnownFileType = image.png; path = "Icon@2x.png"; sourceTree = "<group>"; };
		2E28FD3D1B5D77D60061AE27 /* Icon@3x.png */ = {isa = PBXFileReference; lastKnownFileType = image.png; path = "Icon@3x.png"; sourceTree = "<group>"; };
		2E28FD3E1B5D77D60061AE27 /* Info.plist */ = {isa = PBXFileReference; lastKnownFileType = text.plist.xml; path = Info.plist; sourceTree = "<group>"; };
		2E28FD3F1B5D77D60061AE27 /* ISeeStarsPrefs2.plist */ = {isa = PBXFileReference; lastKnownFileType = text.plist.xml; path = ISeeStarsPrefs2.plist; sourceTree = "<group>"; };
		2E28FD411B5D77D60061AE27 /* Prefs_Banner_Background.png */ = {isa = PBXFileReference; lastKnownFileType = image.png; path = Prefs_Banner_Background.png; sourceTree = "<group>"; };
		2E28FD421B5D77D60061AE27 /* Prefs_Banner_Background@2x.png */ = {isa = PBXFileReference; lastKnownFileType = image.png; path = "Prefs_Banner_Background@2x.png"; sourceTree = "<group>"; };
		2E28FD431B5D77D60061AE27 /* Prefs_Banner_Background@3x.png */ = {isa = PBXFileReference; lastKnownFileType = image.png; path = "Prefs_Banner_Background@3x.png"; sourceTree = "<group>"; };
		2E28FD441B5D77D60061AE27 /* Prefs_Banner_Icon.png */ = {isa = PBXFileReference; lastKnownFileType = image.png; path = Prefs_Banner_Icon.png; sourceTree = "<group>"; };
		2E28FD451B5D77D60061AE27 /* Prefs_Banner_Icon@2x.png */ = {isa = PBXFileReference; lastKnownFileType = image.png; path = "Prefs_Banner_Icon@2x.png"; sourceTree = "<group>"; };
		2E28FD461B5D77D60061AE27 /* Prefs_Banner_Icon@3x.png */ = {isa = PBXFileReference; lastKnownFileType = image.png; path = "Prefs_Banner_Icon@3x.png"; sourceTree = "<group>"; };
		2E28FD471B5D77D60061AE27 /* SWISeeStarsPrefsListController.mm */ = {isa = PBXFileReference; lastKnownFileType = sourcecode.cpp.objcpp; path = SWISeeStarsPrefsListController.mm; sourceTree = "<group>"; };
/* End PBXFileReference section */

/* Begin PBXGroup section */
		2E28FD211B5D77D60061AE27 /* iseestarsprefs */ = {
			isa = PBXGroup;
			children = (
				2E28FD241B5D77D60061AE27 /* public */,
				2E28FD231B5D77D60061AE27 /* Makefile */,
				2E28FD221B5D77D60061AE27 /* entry.plist */,
				2E28FD471B5D77D60061AE27 /* SWISeeStarsPrefsListController.mm */,
				2E28FD381B5D77D60061AE27 /* Resources */,
			);
			path = iseestarsprefs;
			sourceTree = "<group>";
		};
		2E28FD241B5D77D60061AE27 /* public */ = {
			isa = PBXGroup;
			children = (
				2E28FD251B5D77D60061AE27 /* libsw */,
				2E28FD371B5D77D60061AE27 /* SWISeeStarsPrefsListController.h */,
			);
			path = public;
			sourceTree = "<group>";
		};
		2E28FD251B5D77D60061AE27 /* libsw */ = {
			isa = PBXGroup;
			children = (
				2E28FD261B5D77D60061AE27 /* libSluthware */,
				2E28FD311B5D77D60061AE27 /* libsw.h */,
				2E28FD321B5D77D60061AE27 /* SWAppLauncher.h */,
				2E28FD331B5D77D60061AE27 /* SWPSListController.h */,
				2E28FD341B5D77D60061AE27 /* SWPSListControllerHeaderView.h */,
				2E28FD351B5D77D60061AE27 /* SWPSTwitterCell.h */,
				2E28FD361B5D77D60061AE27 /* SWSuperiorWindow.h */,
			);
			path = libsw;
			sourceTree = "<group>";
		};
		2E28FD261B5D77D60061AE27 /* libSluthware */ = {
			isa = PBXGroup;
			children = (
				2E28FD271B5D77D60061AE27 /* libSluthware.h */,
				2E28FD281B5D77D60061AE27 /* NSTimer+SW.h */,
				2E28FD291B5D77D60061AE27 /* SWMCircle.h */,
				2E28FD2A1B5D77D60061AE27 /* SWMLine.h */,
				2E28FD2B1B5D77D60061AE27 /* SWMQuadratic.h */,
				2E28FD2C1B5D77D60061AE27 /* TBAlertAction.h */,
				2E28FD2D1B5D77D60061AE27 /* TBAlertController.h */,
				2E28FD2E1B5D77D60061AE27 /* UIColor+SW.h */,
				2E28FD2F1B5D77D60061AE27 /* UIScrollView+SW.h */,
				2E28FD301B5D77D60061AE27 /* UISnapBehaviorHorizontal.h */,
			);
			path = libSluthware;
			sourceTree = "<group>";
		};
		2E28FD381B5D77D60061AE27 /* Resources */ = {
			isa = PBXGroup;
			children = (
				2E28FD391B5D77D60061AE27 /* Designer_Twitter_Profile.png */,
				2E28FD3A1B5D77D60061AE27 /* Developer_Twitter_Profile.jpeg */,
				2E28FD3B1B5D77D60061AE27 /* Icon.png */,
				2E28FD3C1B5D77D60061AE27 /* Icon@2x.png */,
				2E28FD3D1B5D77D60061AE27 /* Icon@3x.png */,
				2E28FD3E1B5D77D60061AE27 /* Info.plist */,
				2E28FD3F1B5D77D60061AE27 /* ISeeStarsPrefs2.plist */,
				2E28FD411B5D77D60061AE27 /* Prefs_Banner_Background.png */,
				2E28FD421B5D77D60061AE27 /* Prefs_Banner_Background@2x.png */,
				2E28FD431B5D77D60061AE27 /* Prefs_Banner_Background@3x.png */,
				2E28FD441B5D77D60061AE27 /* Prefs_Banner_Icon.png */,
				2E28FD451B5D77D60061AE27 /* Prefs_Banner_Icon@2x.png */,
				2E28FD461B5D77D60061AE27 /* Prefs_Banner_Icon@3x.png */,
			);
			path = Resources;
			sourceTree = "<group>";
		};
		2EB531921A3B622600D2930C = {
			isa = PBXGroup;
			children = (
				2E28FD211B5D77D60061AE27 /* iseestarsprefs */,
			);
			sourceTree = "<group>";
		};
/* End PBXGroup section */

/* Begin PBXProject section */
		2EB531931A3B622600D2930C /* Project object */ = {
			isa = PBXProject;
			attributes = {
				LastUpgradeCheck = 0610;
			};
			buildConfigurationList = 2EB531961A3B622600D2930C /* Build configuration list for PBXProject "iseestarsprefs" */;
			compatibilityVersion = "Xcode 3.2";
			developmentRegion = English;
			hasScannedForEncodings = 0;
			knownRegions = (
				en,
			);
			mainGroup = 2EB531921A3B622600D2930C;
			projectDirPath = "";
			projectRoot = "";
			targets = (
			);
		};
/* End PBXProject section */

/* Begin XCBuildConfiguration section */
		2EB531971A3B622600D2930C /* Debug */ = {
			isa = XCBuildConfiguration;
			buildSettings = {
			};
			name = Debug;
		};
		2EB531981A3B622600D2930C /* Release */ = {
			isa = XCBuildConfiguration;
			buildSettings = {
			};
			name = Release;
		};
/* End XCBuildConfiguration section */

/* Begin XCConfigurationList section */
		2EB531961A3B622600D2930C /* Build configuration list for PBXProject "iseestarsprefs" */ = {
			isa = XCConfigurationList;
			buildConfigurations = (
				2EB531971A3B622600D2930C /* Debug */,
				2EB531981A3B622600D2930C /* Release */,
			);
			defaultConfigurationIsVisible = 0;
			defaultConfigurationName = Release;
		};
/* End XCConfigurationList section */
	};
	rootObject = 2EB531931A3B622600D2930C /* Project object */;
}
