// !$*UTF8*$!
{
	archiveVersion = 1;
	classes = {
	};
	objectVersion = 46;
	objects = {

/* Begin PBXFileReference section */
		2E0F92591B5D747900726E78 /* public */ = {isa = PBXFileReference; lastKnownFileType = folder; name = public; path = iseestarsprefs/public; sourceTree = "<group>"; };
		2E0F925A1B5D747900726E78 /* Resources */ = {isa = PBXFileReference; lastKnownFileType = folder; name = Resources; path = iseestarsprefs/Resources; sourceTree = "<group>"; };
		2E0F925B1B5D747900726E78 /* entry.plist */ = {isa = PBXFileReference; lastKnownFileType = text.plist; name = entry.plist; path = iseestarsprefs/entry.plist; sourceTree = "<group>"; };
		2E0F925C1B5D747900726E78 /* SWISeeStarsPrefsListController.mm */ = {isa = PBXFileReference; lastKnownFileType = sourcecode.cpp.objcpp; name = SWISeeStarsPrefsListController.mm; path = iseestarsprefs/SWISeeStarsPrefsListController.mm; sourceTree = "<group>"; };
		2E0F925D1B5D747900726E78 /* Makefile */ = {isa = PBXFileReference; lastKnownFileType = sourcecode.make; name = Makefile; path = iseestarsprefs/Makefile; sourceTree = "<group>"; };
/* End PBXFileReference section */

/* Begin PBXGroup section */
		2EB531921A3B622600D2930C = {
			isa = PBXGroup;
			children = (
				2E0F92591B5D747900726E78 /* public */,
				2E0F925A1B5D747900726E78 /* Resources */,
				2E0F925B1B5D747900726E78 /* entry.plist */,
				2E0F925D1B5D747900726E78 /* Makefile */,
				2E0F925C1B5D747900726E78 /* SWISeeStarsPrefsListController.mm */,
			);
			sourceTree = "<group>";
		};
/* End PBXGroup section */

/* Begin PBXProject section */
		2EB531931A3B622600D2930C /* Project object */ = {
			isa = PBXProject;
			attributes = {
				LastUpgradeCheck = 0610;
			};
			buildConfigurationList = 2EB531961A3B622600D2930C /* Build configuration list for PBXProject "iseestarsprefs" */;
			compatibilityVersion = "Xcode 3.2";
			developmentRegion = English;
			hasScannedForEncodings = 0;
			knownRegions = (
				en,
			);
			mainGroup = 2EB531921A3B622600D2930C;
			projectDirPath = "";
			projectRoot = "";
			targets = (
			);
		};
/* End PBXProject section */

/* Begin XCBuildConfiguration section */
		2EB531971A3B622600D2930C /* Debug */ = {
			isa = XCBuildConfiguration;
			buildSettings = {
			};
			name = Debug;
		};
		2EB531981A3B622600D2930C /* Release */ = {
			isa = XCBuildConfiguration;
			buildSettings = {
			};
			name = Release;
		};
/* End XCBuildConfiguration section */

/* Begin XCConfigurationList section */
		2EB531961A3B622600D2930C /* Build configuration list for PBXProject "iseestarsprefs" */ = {
			isa = XCConfigurationList;
			buildConfigurations = (
				2EB531971A3B622600D2930C /* Debug */,
				2EB531981A3B622600D2930C /* Release */,
			);
			defaultConfigurationIsVisible = 0;
			defaultConfigurationName = Release;
		};
/* End XCConfigurationList section */
	};
	rootObject = 2EB531931A3B622600D2930C /* Project object */;
}
