// !$*UTF8*$!
{
	archiveVersion = 1;
	classes = {
	};
	objectVersion = 46;
	objects = {

/* Begin PBXFileReference section */
		2E3BD9271BD47A0800B11FFD /* ISeeStarsTest */ = {isa = PBXFileReference; lastKnownFileType = folder; name = ISeeStarsTest; path = "i-see-stars/ISeeStarsTest"; sourceTree = "<group>"; };
		2E3BD9281BD47A0800B11FFD /* layout */ = {isa = PBXFileReference; lastKnownFileType = folder; name = layout; path = "i-see-stars/layout"; sourceTree = "<group>"; };
		2E3BD9291BD47A0800B11FFD /* Makefile */ = {isa = PBXFileReference; explicitFileType = sourcecode.make; name = Makefile; path = "i-see-stars/Makefile"; sourceTree = "<group>"; };
		2E3BD92A1BD47A0800B11FFD /* public */ = {isa = PBXFileReference; lastKnownFileType = folder; name = public; path = "i-see-stars/public"; sourceTree = "<group>"; };
		2E3BD92B1BD47A0800B11FFD /* Resources */ = {isa = PBXFileReference; lastKnownFileType = folder; name = Resources; path = "i-see-stars/Resources"; sourceTree = "<group>"; };
		2E3BD92C1BD47A0800B11FFD /* SWISeeStars.xm */ = {isa = PBXFileReference; explicitFileType = sourcecode.cpp.objcpp; name = SWISeeStars.xm; path = "i-see-stars/SWISeeStars.xm"; sourceTree = "<group>"; };
/* End PBXFileReference section */

/* Begin PBXGroup section */
		2EC6EADC1A33EAEB004B5249 = {
			isa = PBXGroup;
			children = (
				2E3BD9271BD47A0800B11FFD /* ISeeStarsTest */,
				2E3BD9281BD47A0800B11FFD /* layout */,
				2E3BD9291BD47A0800B11FFD /* Makefile */,
				2E3BD92A1BD47A0800B11FFD /* public */,
				2E3BD92B1BD47A0800B11FFD /* Resources */,
				2E3BD92C1BD47A0800B11FFD /* SWISeeStars.xm */,
			);
			sourceTree = "<group>";
		};
/* End PBXGroup section */

/* Begin PBXProject section */
		2EC6EADD1A33EAEB004B5249 /* Project object */ = {
			isa = PBXProject;
			attributes = {
				LastUpgradeCheck = 0610;
			};
			buildConfigurationList = 2EC6EAE01A33EAEB004B5249 /* Build configuration list for PBXProject "i-see-stars" */;
			compatibilityVersion = "Xcode 3.2";
			developmentRegion = English;
			hasScannedForEncodings = 0;
			knownRegions = (
				en,
				Base,
			);
			mainGroup = 2EC6EADC1A33EAEB004B5249;
			projectDirPath = "";
			projectRoot = "";
			targets = (
			);
		};
/* End PBXProject section */

/* Begin XCBuildConfiguration section */
		2EC6EAE11A33EAEB004B5249 /* Debug */ = {
			isa = XCBuildConfiguration;
			buildSettings = {
			};
			name = Debug;
		};
		2EC6EAE21A33EAEB004B5249 /* Release */ = {
			isa = XCBuildConfiguration;
			buildSettings = {
			};
			name = Release;
		};
/* End XCBuildConfiguration section */

/* Begin XCConfigurationList section */
		2EC6EAE01A33EAEB004B5249 /* Build configuration list for PBXProject "i-see-stars" */ = {
			isa = XCConfigurationList;
			buildConfigurations = (
				2EC6EAE11A33EAEB004B5249 /* Debug */,
				2EC6EAE21A33EAEB004B5249 /* Release */,
			);
			defaultConfigurationIsVisible = 0;
			defaultConfigurationName = Release;
		};
/* End XCConfigurationList section */
	};
	rootObject = 2EC6EADD1A33EAEB004B5249 /* Project object */;
}
