// !$*UTF8*$!
{
	archiveVersion = 1;
	classes = {
	};
	objectVersion = 46;
	objects = {

/* Begin PBXBuildFile section */
		2E28FEE51B5D85560061AE27 /* MediaPlayer.framework in Frameworks */ = {isa = PBXBuildFile; fileRef = 2E28FEE41B5D85560061AE27 /* MediaPlayer.framework */; };
		2E9265251B52CAF800501112 /* main.m in Sources */ = {isa = PBXBuildFile; fileRef = 2E9265241B52CAF800501112 /* main.m */; };
		2E9265281B52CAF800501112 /* AppDelegate.m in Sources */ = {isa = PBXBuildFile; fileRef = 2E9265271B52CAF800501112 /* AppDelegate.m */; };
		2E92652B1B52CAF800501112 /* ViewController.m in Sources */ = {isa = PBXBuildFile; fileRef = 2E92652A1B52CAF800501112 /* ViewController.m */; };
		2E92652E1B52CAF800501112 /* Main.storyboard in Resources */ = {isa = PBXBuildFile; fileRef = 2E92652C1B52CAF800501112 /* Main.storyboard */; };
		2E9265331B52CAF800501112 /* LaunchScreen.xib in Resources */ = {isa = PBXBuildFile; fileRef = 2E9265311B52CAF800501112 /* LaunchScreen.xib */; };
		2E92654A1B52CB8800501112 /* SWISeeStarsRatingView.m in Sources */ = {isa = PBXBuildFile; fileRef = 2E9265491B52CB8800501112 /* SWISeeStarsRatingView.m */; };
		2EC9569B1B52E0280056317F /* Images.xcassets in Resources */ = {isa = PBXBuildFile; fileRef = 2EC9569A1B52E0280056317F /* Images.xcassets */; };
/* End PBXBuildFile section */

/* Begin PBXFileReference section */
		2E28FEE41B5D85560061AE27 /* MediaPlayer.framework */ = {isa = PBXFileReference; lastKnownFileType = wrapper.framework; name = MediaPlayer.framework; path = System/Library/Frameworks/MediaPlayer.framework; sourceTree = SDKROOT; };
		2E92651F1B52CAF800501112 /* ISeeStarsTest.app */ = {isa = PBXFileReference; explicitFileType = wrapper.application; includeInIndex = 0; path = ISeeStarsTest.app; sourceTree = BUILT_PRODUCTS_DIR; };
		2E9265231B52CAF800501112 /* Info.plist */ = {isa = PBXFileReference; lastKnownFileType = text.plist.xml; path = Info.plist; sourceTree = "<group>"; };
		2E9265241B52CAF800501112 /* main.m */ = {isa = PBXFileReference; lastKnownFileType = sourcecode.c.objc; path = main.m; sourceTree = "<group>"; };
		2E9265261B52CAF800501112 /* AppDelegate.h */ = {isa = PBXFileReference; lastKnownFileType = sourcecode.c.h; path = AppDelegate.h; sourceTree = "<group>"; };
		2E9265271B52CAF800501112 /* AppDelegate.m */ = {isa = PBXFileReference; lastKnownFileType = sourcecode.c.objc; path = AppDelegate.m; sourceTree = "<group>"; };
		2E9265291B52CAF800501112 /* ViewController.h */ = {isa = PBXFileReference; lastKnownFileType = sourcecode.c.h; path = ViewController.h; sourceTree = "<group>"; };
		2E92652A1B52CAF800501112 /* ViewController.m */ = {isa = PBXFileReference; lastKnownFileType = sourcecode.c.objc; path = ViewController.m; sourceTree = "<group>"; };
		2E92652D1B52CAF800501112 /* Base */ = {isa = PBXFileReference; lastKnownFileType = file.storyboard; name = Base; path = Base.lproj/Main.storyboard; sourceTree = "<group>"; };
		2E9265321B52CAF800501112 /* Base */ = {isa = PBXFileReference; lastKnownFileType = file.xib; name = Base; path = Base.lproj/LaunchScreen.xib; sourceTree = "<group>"; };
		2E9265481B52CB8800501112 /* SWISeeStarsRatingView.h */ = {isa = PBXFileReference; fileEncoding = 4; lastKnownFileType = sourcecode.c.h; path = SWISeeStarsRatingView.h; sourceTree = "<group>"; };
		2E9265491B52CB8800501112 /* SWISeeStarsRatingView.m */ = {isa = PBXFileReference; fileEncoding = 4; lastKnownFileType = sourcecode.c.objc; path = SWISeeStarsRatingView.m; sourceTree = "<group>"; };
		2EC9569A1B52E0280056317F /* Images.xcassets */ = {isa = PBXFileReference; lastKnownFileType = folder.assetcatalog; path = Images.xcassets; sourceTree = "<group>"; };
/* End PBXFileReference section */

/* Begin PBXFrameworksBuildPhase section */
		2E92651C1B52CAF800501112 /* Frameworks */ = {
			isa = PBXFrameworksBuildPhase;
			buildActionMask = 2147483647;
			files = (
				2E28FEE51B5D85560061AE27 /* MediaPlayer.framework in Frameworks */,
			);
			runOnlyForDeploymentPostprocessing = 0;
		};
/* End PBXFrameworksBuildPhase section */

/* Begin PBXGroup section */
		2E9265161B52CAF800501112 = {
			isa = PBXGroup;
			children = (
				2E28FEE41B5D85560061AE27 /* MediaPlayer.framework */,
				2E9265211B52CAF800501112 /* ISeeStarsTest */,
				2E9265201B52CAF800501112 /* Products */,
			);
			sourceTree = "<group>";
		};
		2E9265201B52CAF800501112 /* Products */ = {
			isa = PBXGroup;
			children = (
				2E92651F1B52CAF800501112 /* ISeeStarsTest.app */,
			);
			name = Products;
			sourceTree = "<group>";
		};
		2E9265211B52CAF800501112 /* ISeeStarsTest */ = {
			isa = PBXGroup;
			children = (
				2E9265481B52CB8800501112 /* SWISeeStarsRatingView.h */,
				2E9265491B52CB8800501112 /* SWISeeStarsRatingView.m */,
				2E9265261B52CAF800501112 /* AppDelegate.h */,
				2E9265271B52CAF800501112 /* AppDelegate.m */,
				2E9265291B52CAF800501112 /* ViewController.h */,
				2E92652A1B52CAF800501112 /* ViewController.m */,
				2E92652C1B52CAF800501112 /* Main.storyboard */,
				2E9265311B52CAF800501112 /* LaunchScreen.xib */,
				2EC9569A1B52E0280056317F /* Images.xcassets */,
				2E9265221B52CAF800501112 /* Supporting Files */,
			);
			path = ISeeStarsTest;
			sourceTree = "<group>";
		};
		2E9265221B52CAF800501112 /* Supporting Files */ = {
			isa = PBXGroup;
			children = (
				2E9265231B52CAF800501112 /* Info.plist */,
				2E9265241B52CAF800501112 /* main.m */,
			);
			name = "Supporting Files";
			sourceTree = "<group>";
		};
/* End PBXGroup section */

/* Begin PBXNativeTarget section */
		2E92651E1B52CAF800501112 /* ISeeStarsTest */ = {
			isa = PBXNativeTarget;
			buildConfigurationList = 2E9265421B52CAF800501112 /* Build configuration list for PBXNativeTarget "ISeeStarsTest" */;
			buildPhases = (
				2E92651B1B52CAF800501112 /* Sources */,
				2E92651C1B52CAF800501112 /* Frameworks */,
				2E92651D1B52CAF800501112 /* Resources */,
			);
			buildRules = (
			);
			dependencies = (
			);
			name = ISeeStarsTest;
			productName = ISeeStarsTest;
			productReference = 2E92651F1B52CAF800501112 /* ISeeStarsTest.app */;
			productType = "com.apple.product-type.application";
		};
/* End PBXNativeTarget section */

/* Begin PBXProject section */
		2E9265171B52CAF800501112 /* Project object */ = {
			isa = PBXProject;
			attributes = {
				LastUpgradeCheck = 0640;
				ORGANIZATIONNAME = "Pat Sluth";
				TargetAttributes = {
					2E92651E1B52CAF800501112 = {
						CreatedOnToolsVersion = 6.4;
					};
				};
			};
			buildConfigurationList = 2E92651A1B52CAF800501112 /* Build configuration list for PBXProject "ISeeStarsTest" */;
			compatibilityVersion = "Xcode 3.2";
			developmentRegion = English;
			hasScannedForEncodings = 0;
			knownRegions = (
				en,
				Base,
			);
			mainGroup = 2E9265161B52CAF800501112;
			productRefGroup = 2E9265201B52CAF800501112 /* Products */;
			projectDirPath = "";
			projectRoot = "";
			targets = (
				2E92651E1B52CAF800501112 /* ISeeStarsTest */,
			);
		};
/* End PBXProject section */

/* Begin PBXResourcesBuildPhase section */
		2E92651D1B52CAF800501112 /* Resources */ = {
			isa = PBXResourcesBuildPhase;
			buildActionMask = 2147483647;
			files = (
				2EC9569B1B52E0280056317F /* Images.xcassets in Resources */,
				2E92652E1B52CAF800501112 /* Main.storyboard in Resources */,
				2E9265331B52CAF800501112 /* LaunchScreen.xib in Resources */,
			);
			runOnlyForDeploymentPostprocessing = 0;
		};
/* End PBXResourcesBuildPhase section */

/* Begin PBXSourcesBuildPhase section */
		2E92651B1B52CAF800501112 /* Sources */ = {
			isa = PBXSourcesBuildPhase;
			buildActionMask = 2147483647;
			files = (
				2E92652B1B52CAF800501112 /* ViewController.m in Sources */,
				2E9265281B52CAF800501112 /* AppDelegate.m in Sources */,
				2E9265251B52CAF800501112 /* main.m in Sources */,
				2E92654A1B52CB8800501112 /* SWISeeStarsRatingView.m in Sources */,
			);
			runOnlyForDeploymentPostprocessing = 0;
		};
/* End PBXSourcesBuildPhase section */

/* Begin PBXVariantGroup section */
		2E92652C1B52CAF800501112 /* Main.storyboard */ = {
			isa = PBXVariantGroup;
			children = (
				2E92652D1B52CAF800501112 /* Base */,
			);
			name = Main.storyboard;
			sourceTree = "<group>";
		};
		2E9265311B52CAF800501112 /* LaunchScreen.xib */ = {
			isa = PBXVariantGroup;
			children = (
				2E9265321B52CAF800501112 /* Base */,
			);
			name = LaunchScreen.xib;
			sourceTree = "<group>";
		};
/* End PBXVariantGroup section */

/* Begin XCBuildConfiguration section */
		2E9265401B52CAF800501112 /* Debug */ = {
			isa = XCBuildConfiguration;
			buildSettings = {
				ALWAYS_SEARCH_USER_PATHS = NO;
				CLANG_CXX_LANGUAGE_STANDARD = "gnu++0x";
				CLANG_CXX_LIBRARY = "libc++";
				CLANG_ENABLE_MODULES = YES;
				CLANG_ENABLE_OBJC_ARC = YES;
				CLANG_WARN_BOOL_CONVERSION = YES;
				CLANG_WARN_CONSTANT_CONVERSION = YES;
				CLANG_WARN_DIRECT_OBJC_ISA_USAGE = YES_ERROR;
				CLANG_WARN_EMPTY_BODY = YES;
				CLANG_WARN_ENUM_CONVERSION = YES;
				CLANG_WARN_INT_CONVERSION = YES;
				CLANG_WARN_OBJC_ROOT_CLASS = YES_ERROR;
				CLANG_WARN_UNREACHABLE_CODE = YES;
				CLANG_WARN__DUPLICATE_METHOD_MATCH = YES;
				"CODE_SIGN_IDENTITY[sdk=iphoneos*]" = "iPhone Developer";
				COPY_PHASE_STRIP = NO;
				DEBUG_INFORMATION_FORMAT = "dwarf-with-dsym";
				ENABLE_STRICT_OBJC_MSGSEND = YES;
				GCC_C_LANGUAGE_STANDARD = gnu99;
				GCC_DYNAMIC_NO_PIC = NO;
				GCC_NO_COMMON_BLOCKS = YES;
				GCC_OPTIMIZATION_LEVEL = 0;
				GCC_PREPROCESSOR_DEFINITIONS = (
					"DEBUG=1",
					"$(inherited)",
				);
				GCC_SYMBOLS_PRIVATE_EXTERN = NO;
				GCC_WARN_64_TO_32_BIT_CONVERSION = YES;
				GCC_WARN_ABOUT_RETURN_TYPE = YES_ERROR;
				GCC_WARN_UNDECLARED_SELECTOR = YES;
				GCC_WARN_UNINITIALIZED_AUTOS = YES_AGGRESSIVE;
				GCC_WARN_UNUSED_FUNCTION = YES;
				GCC_WARN_UNUSED_VARIABLE = YES;
				IPHONEOS_DEPLOYMENT_TARGET = 8.4;
				MTL_ENABLE_DEBUG_INFO = YES;
				ONLY_ACTIVE_ARCH = YES;
				SDKROOT = iphoneos;
				TARGETED_DEVICE_FAMILY = "1,2";
			};
			name = Debug;
		};
		2E9265411B52CAF800501112 /* Release */ = {
			isa = XCBuildConfiguration;
			buildSettings = {
				ALWAYS_SEARCH_USER_PATHS = NO;
				CLANG_CXX_LANGUAGE_STANDARD = "gnu++0x";
				CLANG_CXX_LIBRARY = "libc++";
				CLANG_ENABLE_MODULES = YES;
				CLANG_ENABLE_OBJC_ARC = YES;
				CLANG_WARN_BOOL_CONVERSION = YES;
				CLANG_WARN_CONSTANT_CONVERSION = YES;
				CLANG_WARN_DIRECT_OBJC_ISA_USAGE = YES_ERROR;
				CLANG_WARN_EMPTY_BODY = YES;
				CLANG_WARN_ENUM_CONVERSION = YES;
				CLANG_WARN_INT_CONVERSION = YES;
				CLANG_WARN_OBJC_ROOT_CLASS = YES_ERROR;
				CLANG_WARN_UNREACHABLE_CODE = YES;
				CLANG_WARN__DUPLICATE_METHOD_MATCH = YES;
				"CODE_SIGN_IDENTITY[sdk=iphoneos*]" = "iPhone Developer";
				COPY_PHASE_STRIP = NO;
				DEBUG_INFORMATION_FORMAT = "dwarf-with-dsym";
				ENABLE_NS_ASSERTIONS = NO;
				ENABLE_STRICT_OBJC_MSGSEND = YES;
				GCC_C_LANGUAGE_STANDARD = gnu99;
				GCC_NO_COMMON_BLOCKS = YES;
				GCC_WARN_64_TO_32_BIT_CONVERSION = YES;
				GCC_WARN_ABOUT_RETURN_TYPE = YES_ERROR;
				GCC_WARN_UNDECLARED_SELECTOR = YES;
				GCC_WARN_UNINITIALIZED_AUTOS = YES_AGGRESSIVE;
				GCC_WARN_UNUSED_FUNCTION = YES;
				GCC_WARN_UNUSED_VARIABLE = YES;
				IPHONEOS_DEPLOYMENT_TARGET = 8.4;
				MTL_ENABLE_DEBUG_INFO = NO;
				SDKROOT = iphoneos;
				TARGETED_DEVICE_FAMILY = "1,2";
				VALIDATE_PRODUCT = YES;
			};
			name = Release;
		};
		2E9265431B52CAF800501112 /* Debug */ = {
			isa = XCBuildConfiguration;
			buildSettings = {
				ASSETCATALOG_COMPILER_APPICON_NAME = AppIcon;
				INFOPLIST_FILE = ISeeStarsTest/Info.plist;
				LD_RUNPATH_SEARCH_PATHS = "$(inherited) @executable_path/Frameworks";
				PRODUCT_NAME = "$(TARGET_NAME)";
			};
			name = Debug;
		};
		2E9265441B52CAF800501112 /* Release */ = {
			isa = XCBuildConfiguration;
			buildSettings = {
				ASSETCATALOG_COMPILER_APPICON_NAME = AppIcon;
				INFOPLIST_FILE = ISeeStarsTest/Info.plist;
				LD_RUNPATH_SEARCH_PATHS = "$(inherited) @executable_path/Frameworks";
				PRODUCT_NAME = "$(TARGET_NAME)";
			};
			name = Release;
		};
/* End XCBuildConfiguration section */

/* Begin XCConfigurationList section */
		2E92651A1B52CAF800501112 /* Build configuration list for PBXProject "ISeeStarsTest" */ = {
			isa = XCConfigurationList;
			buildConfigurations = (
				2E9265401B52CAF800501112 /* Debug */,
				2E9265411B52CAF800501112 /* Release */,
			);
			defaultConfigurationIsVisible = 0;
			defaultConfigurationName = Release;
		};
		2E9265421B52CAF800501112 /* Build configuration list for PBXNativeTarget "ISeeStarsTest" */ = {
			isa = XCConfigurationList;
			buildConfigurations = (
				2E9265431B52CAF800501112 /* Debug */,
				2E9265441B52CAF800501112 /* Release */,
			);
			defaultConfigurationIsVisible = 0;
			defaultConfigurationName = Release;
		};
/* End XCConfigurationList section */
	};
	rootObject = 2E9265171B52CAF800501112 /* Project object */;
}
